{
  "name": "ts_group-by-key",
  "version": "1.0.0",
  "lockfileVersion": 1,
  "requires": true,
  "dependencies": {
    "@mate-academy/students-ts-config": {
      "version": "0.0.4",
      "resolved": "https://registry.npmjs.org/@mate-academy/students-ts-config/-/students-ts-config-0.0.4.tgz",
      "integrity": "sha512-DQE6NsG1DGfNe1VuCuJlfnh3f6Ey4p1P/4yaUYar8Zej+jVLaO3GddS0Sjrk90EB6G2/fhI41tKdFBPzdyYwIQ==",
      "dev": true
    }
  }
}
